
Microsoft Visual Studio Solution File, Format Version 12.00
# Visual Studio Version 17
VisualStudioVersion = 17.9.34714.143
MinimumVisualStudioVersion = 10.0.40219.1
Project("{FAE04EC0-301F-11D3-BF4B-00C04F79EFBC}") = "StudentsInfoCRUD", "StudentsInfoCRUD\StudentsInfoCRUD.csproj", "{A3107CB7-3D92-4912-A30E-442C66F8E5A6}"
EndProject
Global
	GlobalSection(SolutionConfigurationPlatforms) = preSolution
		Debug|Any CPU = Debug|Any CPU
		Release|Any CPU = Release|Any CPU
	EndGlobalSection
	GlobalSection(ProjectConfigurationPlatforms) = postSolution
		{A3107CB7-3D92-4912-A30E-442C66F8E5A6}.Debug|Any CPU.ActiveCfg = Debug|Any CPU
		{A3107CB7-3D92-4912-A30E-442C66F8E5A6}.Debug|Any CPU.Build.0 = Debug|Any CPU
		{A3107CB7-3D92-4912-A30E-442C66F8E5A6}.Release|Any CPU.ActiveCfg = Release|Any CPU
		{A3107CB7-3D92-4912-A30E-442C66F8E5A6}.Release|Any CPU.Build.0 = Release|Any CPU
	EndGlobalSection
	GlobalSection(SolutionProperties) = preSolution
		HideSolutionNode = FALSE
	EndGlobalSection
	GlobalSection(ExtensibilityGlobals) = postSolution
		SolutionGuid = {BED2E619-1537-44C3-B6F8-F1ECA120D5B0}
	EndGlobalSection
EndGlobal
